{
  "version": 4,
  "terraform_version": "1.3.7",
  "serial": 207,
  "lineage": "9035c319-b3d4-816f-a374-248ea8f3b539",
  "outputs": {},
  "resources": [
    {
      "mode": "data",
      "type": "aws_ami",
      "name": "ubuntu",
      "provider": "provider[\"registry.terraform.io/hashicorp/aws\"]",
      "instances": [
        {
          "schema_version": 0,
          "attributes": {
            "architecture": "x86_64",
            "arn": "arn:aws:ec2:us-east-1::image/ami-0e783882a19958fff",
            "block_device_mappings": [
              {
                "device_name": "/dev/sda1",
                "ebs": {
                  "delete_on_termination": "true",
                  "encrypted": "false",
                  "iops": "0",
                  "snapshot_id": "snap-0236be8b3b6efd8c5",
                  "throughput": "0",
                  "volume_size": "8",
                  "volume_type": "gp2"
                },
                "no_device": "",
                "virtual_name": ""
              },
              {
                "device_name": "/dev/sdb",
                "ebs": {},
                "no_device": "",
                "virtual_name": "ephemeral0"
              },
              {
                "device_name": "/dev/sdc",
                "ebs": {},
                "no_device": "",
                "virtual_name": "ephemeral1"
              }
            ],
            "boot_mode": "legacy-bios",
            "creation_date": "2023-10-30T21:29:22.000Z",
            "deprecation_time": "2025-10-30T21:29:22.000Z",
            "description": "Canonical, Ubuntu, 22.04 LTS, amd64 jammy image build on 2023-10-30",
            "ena_support": true,
            "executable_users": null,
            "filter": [
              {
                "name": "name",
                "values": [
                  "ubuntu/images/hvm-ssd/ubuntu-jammy-22.04-amd64-server-20231030"
                ]
              },
              {
                "name": "virtualization-type",
                "values": [
                  "hvm"
                ]
              }
            ],
            "hypervisor": "xen",
            "id": "ami-0e783882a19958fff",
            "image_id": "ami-0e783882a19958fff",
            "image_location": "amazon/ubuntu/images/hvm-ssd/ubuntu-jammy-22.04-amd64-server-20231030",
            "image_owner_alias": "amazon",
            "image_type": "machine",
            "imds_support": "",
            "include_deprecated": false,
            "kernel_id": "",
            "most_recent": true,
            "name": "ubuntu/images/hvm-ssd/ubuntu-jammy-22.04-amd64-server-20231030",
            "name_regex": null,
            "owner_id": "099720109477",
            "owners": [
              "099720109477"
            ],
            "platform": "",
            "platform_details": "Linux/UNIX",
            "product_codes": [],
            "public": true,
            "ramdisk_id": "",
            "root_device_name": "/dev/sda1",
            "root_device_type": "ebs",
            "root_snapshot_id": "snap-0236be8b3b6efd8c5",
            "sriov_net_support": "simple",
            "state": "available",
            "state_reason": {
              "code": "UNSET",
              "message": "UNSET"
            },
            "tags": {},
            "timeouts": null,
            "tpm_support": "",
            "usage_operation": "RunInstances",
            "virtualization_type": "hvm"
          },
          "sensitive_attributes": []
        }
      ]
    },
    {
      "mode": "managed",
      "type": "aws_autoscaling_group",
      "name": "csg5_chatacademico_asg",
      "provider": "provider[\"registry.terraform.io/hashicorp/aws\"]",
      "instances": [
        {
          "schema_version": 0,
          "attributes": {
            "arn": "arn:aws:autoscaling:us-east-1:813303321040:autoScalingGroup:ceb8683c-4e7b-496d-9b75-ac560291ef9a:autoScalingGroupName/csg5-chatacademico-asg",
            "availability_zones": [
              "us-east-1a",
              "us-east-1b"
            ],
            "capacity_rebalance": false,
            "context": "",
            "default_cooldown": 300,
            "default_instance_warmup": 0,
            "desired_capacity": 1,
            "desired_capacity_type": "",
            "enabled_metrics": [
              "GroupDesiredCapacity",
              "GroupInServiceInstances",
              "GroupMaxSize",
              "GroupMinSize",
              "GroupTotalInstances"
            ],
            "force_delete": false,
            "force_delete_warm_pool": false,
            "health_check_grace_period": 300,
            "health_check_type": "ELB",
            "id": "csg5-chatacademico-asg",
            "initial_lifecycle_hook": [],
            "instance_refresh": [],
            "launch_configuration": "csg5-chatacademico-lc",
            "launch_template": [],
            "load_balancers": [],
            "max_instance_lifetime": 0,
            "max_size": 2,
            "metrics_granularity": "1Minute",
            "min_elb_capacity": null,
            "min_size": 1,
            "mixed_instances_policy": [],
            "name": "csg5-chatacademico-asg",
            "name_prefix": "",
            "placement_group": "",
            "predicted_capacity": 0,
            "protect_from_scale_in": false,
            "service_linked_role_arn": "arn:aws:iam::813303321040:role/aws-service-role/autoscaling.amazonaws.com/AWSServiceRoleForAutoScaling",
            "suspended_processes": [],
            "tag": [],
            "tags": null,
            "target_group_arns": [
              "arn:aws:elasticloadbalancing:us-east-1:813303321040:targetgroup/csg5-chatacademico-tglb/b43b0f2f3ae15c92"
            ],
            "termination_policies": [],
            "timeouts": null,
            "vpc_zone_identifier": [
              "subnet-0c8309aa811364403",
              "subnet-0ec03a73f17256b05"
            ],
            "wait_for_capacity_timeout": "10m",
            "wait_for_elb_capacity": null,
            "warm_pool": [],
            "warm_pool_size": 0
          },
          "sensitive_attributes": [],
          "private": "eyJlMmJmYjczMC1lY2FhLTExZTYtOGY4OC0zNDM2M2JjN2M0YzAiOnsiZGVsZXRlIjo2MDAwMDAwMDAwMDAsInVwZGF0ZSI6NjAwMDAwMDAwMDAwfX0=",
          "dependencies": [
            "aws_launch_configuration.csg5_chatacademico_lc",
            "aws_lb_target_group.csg5_chatacademico_tglb",
            "aws_security_group.csg5_chatacademico_http_sg",
            "aws_security_group.csg5_chatacademico_ssh_sg",
            "aws_subnet.csg5_chatacademico_public_sbn",
            "aws_subnet.csg5_chatacademico_public_sbn2",
            "aws_vpc.csg5_chatacademico_vpc",
            "data.aws_ami.ubuntu"
          ],
          "create_before_destroy": true
        }
      ]
    },
    {
      "mode": "managed",
      "type": "aws_codedeploy_app",
      "name": "csg5_chatacademico_application",
      "provider": "provider[\"registry.terraform.io/hashicorp/aws\"]",
      "instances": [
        {
          "schema_version": 0,
          "attributes": {
            "application_id": "0b0046e7-6c57-4dd5-8113-f02ea7107f16",
            "arn": "arn:aws:codedeploy:us-east-1:813303321040:application:csg5-chatacademico-application",
            "compute_platform": "Server",
            "github_account_name": "",
            "id": "0b0046e7-6c57-4dd5-8113-f02ea7107f16:csg5-chatacademico-application",
            "linked_to_github": false,
            "name": "csg5-chatacademico-application",
            "tags": {},
            "tags_all": {}
          },
          "sensitive_attributes": [],
          "private": "bnVsbA=="
        }
      ]
    },
    {
      "mode": "managed",
      "type": "aws_codedeploy_deployment_group",
      "name": "csg5_chatacademico_deployment_group",
      "provider": "provider[\"registry.terraform.io/hashicorp/aws\"]",
      "instances": [
        {
          "schema_version": 0,
          "attributes": {
            "alarm_configuration": [],
            "app_name": "csg5-chatacademico-application",
            "arn": "arn:aws:codedeploy:us-east-1:813303321040:deploymentgroup:csg5-chatacademico-application/csg5-chatacademico-deployment-group",
            "auto_rollback_configuration": [
              {
                "enabled": true,
                "events": [
                  "DEPLOYMENT_FAILURE"
                ]
              }
            ],
            "autoscaling_groups": [
              "csg5-chatacademico-asg"
            ],
            "blue_green_deployment_config": [],
            "compute_platform": "Server",
            "deployment_config_name": "CodeDeployDefault.OneAtATime",
            "deployment_group_id": "ca0f659a-d57a-4a9e-8bfa-6334b0914eb0",
            "deployment_group_name": "csg5-chatacademico-deployment-group",
            "deployment_style": [
              {
                "deployment_option": "WITHOUT_TRAFFIC_CONTROL",
                "deployment_type": "IN_PLACE"
              }
            ],
            "ec2_tag_filter": [],
            "ec2_tag_set": [],
            "ecs_service": [],
            "id": "ca0f659a-d57a-4a9e-8bfa-6334b0914eb0",
            "load_balancer_info": [],
            "on_premises_instance_tag_filter": [],
            "service_role_arn": "arn:aws:iam::813303321040:role/LabRole",
            "tags": {},
            "tags_all": {},
            "trigger_configuration": []
          },
          "sensitive_attributes": [],
          "private": "bnVsbA==",
          "dependencies": [
            "aws_autoscaling_group.csg5_chatacademico_asg",
            "aws_codedeploy_app.csg5_chatacademico_application",
            "aws_launch_configuration.csg5_chatacademico_lc",
            "aws_lb_target_group.csg5_chatacademico_tglb",
            "aws_security_group.csg5_chatacademico_http_sg",
            "aws_security_group.csg5_chatacademico_ssh_sg",
            "aws_subnet.csg5_chatacademico_public_sbn",
            "aws_subnet.csg5_chatacademico_public_sbn2",
            "aws_vpc.csg5_chatacademico_vpc",
            "data.aws_ami.ubuntu"
          ]
        }
      ]
    },
    {
      "mode": "managed",
      "type": "aws_internet_gateway",
      "name": "csg5_chatacademico_igw",
      "provider": "provider[\"registry.terraform.io/hashicorp/aws\"]",
      "instances": [
        {
          "schema_version": 0,
          "attributes": {
            "arn": "arn:aws:ec2:us-east-1:813303321040:internet-gateway/igw-0c17aa8c7a720dde8",
            "id": "igw-0c17aa8c7a720dde8",
            "owner_id": "813303321040",
            "tags": {
              "Name": "csg5-chatacademico-prod"
            },
            "tags_all": {
              "Name": "csg5-chatacademico-prod"
            },
            "timeouts": null,
            "vpc_id": "vpc-091d34e2da83fea28"
          },
          "sensitive_attributes": [],
          "private": "eyJlMmJmYjczMC1lY2FhLTExZTYtOGY4OC0zNDM2M2JjN2M0YzAiOnsiY3JlYXRlIjoxMjAwMDAwMDAwMDAwLCJkZWxldGUiOjEyMDAwMDAwMDAwMDAsInVwZGF0ZSI6MTIwMDAwMDAwMDAwMH19",
          "dependencies": [
            "aws_vpc.csg5_chatacademico_vpc"
          ]
        }
      ]
    },
    {
      "mode": "managed",
      "type": "aws_key_pair",
      "name": "csg5_chatacademico_key_pair",
      "provider": "provider[\"registry.terraform.io/hashicorp/aws\"]",
      "instances": [
        {
          "schema_version": 1,
          "attributes": {
            "arn": "arn:aws:ec2:us-east-1:813303321040:key-pair/csg5-chatacademico-key-pair",
            "fingerprint": "de:d7:b9:a8:a8:52:04:70:75:00:61:f9:81:5d:cc:9e",
            "id": "csg5-chatacademico-key-pair",
            "key_name": "csg5-chatacademico-key-pair",
            "key_name_prefix": "",
            "key_pair_id": "key-077cedc4fe30e4f94",
            "key_type": "rsa",
            "public_key": "ssh-rsa AAAAB3NzaC1yc2EAAAADAQABAAACAQDKbWAzQauoHvjMviB8IgcpXEGKagD7a+vf7aedelj9kUfvvpeTx3s5stDVl5fHURwHDfois8MHge4D8uvR7O8yxAF09G6g8V8ghx268D7HNOsvGUY+0YjS0b2+PYqyehf6ClpfSAak/a/mmq45YnsiH6AXDob2ucD41+1iD5XbRUHO+hcunCGCidwevkDlYEvM4j2Dc/ah27CL+ev4fv8SvLE3YYNu+pFolvVkl4naBN2nblje6eknyOs8Kb6CEAqJ4jUUryxMfohd5otSNIG3tqSoRKLEvCZzyXk920Q0SoMTaDa/ku3ulbb7i7fnmV6EDg40L3tljnH8o04QzB8BXFQMjhAxDsU6ZNnge54XJ1LWa9bPJdeFx4jHncR3HgUJ6kQ/WOOy9aSuEeKCkd6e2jlXcwrjCdip06TqU02ZSylZ6+XDMaLICaWaiW12zkIx5diF+98Yjmj3YJF83rOdgc+7saUAg/Tsz3/1OvYkenWHzwC8LmH34LeGbvBM4MbBjxULSmu05G6Qhr2K/YS+4WGia7FSHAJA4CjmwPK/rW3Okk1KbnC919GXtMB1WUKGeJkjwGQ3MOFBu7hV91QNd2bYWQWB3RlFDXg0tiVrbC2XfQZrbfBFg1o/iJeC1LRabJkHbuy610m0dMGkBGUhhH7XsgQ6E99h+j325JjQeQ==",
            "tags": {},
            "tags_all": {}
          },
          "sensitive_attributes": [],
          "private": "eyJzY2hlbWFfdmVyc2lvbiI6IjEifQ==",
          "dependencies": [
            "tls_private_key.csg5_chatacademico_rsa"
          ]
        }
      ]
    },
    {
      "mode": "managed",
      "type": "aws_launch_configuration",
      "name": "csg5_chatacademico_lc",
      "provider": "provider[\"registry.terraform.io/hashicorp/aws\"]",
      "instances": [
        {
          "schema_version": 0,
          "attributes": {
            "arn": "arn:aws:autoscaling:us-east-1:813303321040:launchConfiguration:11310d6c-b428-40d6-9bdc-6ae86f3397c6:launchConfigurationName/csg5-chatacademico-lc",
            "associate_public_ip_address": true,
            "ebs_block_device": [],
            "ebs_optimized": false,
            "enable_monitoring": true,
            "ephemeral_block_device": [],
            "iam_instance_profile": "",
            "id": "csg5-chatacademico-lc",
            "image_id": "ami-0e783882a19958fff",
            "instance_type": "t2.micro",
            "key_name": "",
            "metadata_options": [],
            "name": "csg5-chatacademico-lc",
            "name_prefix": "",
            "placement_tenancy": "",
            "root_block_device": [],
            "security_groups": [
              "sg-0930578399269eb57",
              "sg-0b52ec25281c60551"
            ],
            "spot_price": "",
            "user_data": null,
            "user_data_base64": null,
            "vpc_classic_link_id": "",
            "vpc_classic_link_security_groups": []
          },
          "sensitive_attributes": [],
          "private": "bnVsbA==",
          "dependencies": [
            "aws_security_group.csg5_chatacademico_http_sg",
            "aws_security_group.csg5_chatacademico_ssh_sg",
            "aws_vpc.csg5_chatacademico_vpc",
            "data.aws_ami.ubuntu"
          ],
          "create_before_destroy": true
        }
      ]
    },
    {
      "mode": "managed",
      "type": "aws_lb",
      "name": "csg5_chatacademico_lb",
      "provider": "provider[\"registry.terraform.io/hashicorp/aws\"]",
      "instances": [
        {
          "schema_version": 0,
          "attributes": {
            "access_logs": [
              {
                "bucket": "",
                "enabled": false,
                "prefix": ""
              }
            ],
            "arn": "arn:aws:elasticloadbalancing:us-east-1:813303321040:loadbalancer/app/csg5-chatacademico-lb/75f6b94e186e6ea2",
            "arn_suffix": "app/csg5-chatacademico-lb/75f6b94e186e6ea2",
            "customer_owned_ipv4_pool": "",
            "desync_mitigation_mode": "defensive",
            "dns_name": "csg5-chatacademico-lb-65075772.us-east-1.elb.amazonaws.com",
            "drop_invalid_header_fields": false,
            "enable_cross_zone_load_balancing": true,
            "enable_deletion_protection": false,
            "enable_http2": true,
            "enable_tls_version_and_cipher_suite_headers": false,
            "enable_waf_fail_open": false,
            "enable_xff_client_port": false,
            "id": "arn:aws:elasticloadbalancing:us-east-1:813303321040:loadbalancer/app/csg5-chatacademico-lb/75f6b94e186e6ea2",
            "idle_timeout": 60,
            "internal": false,
            "ip_address_type": "ipv4",
            "load_balancer_type": "application",
            "name": "csg5-chatacademico-lb",
            "name_prefix": null,
            "preserve_host_header": false,
            "security_groups": [
              "sg-0930578399269eb57",
              "sg-0b52ec25281c60551"
            ],
            "subnet_mapping": [
              {
                "allocation_id": "",
                "ipv6_address": "",
                "outpost_id": "",
                "private_ipv4_address": "",
                "subnet_id": "subnet-0c8309aa811364403"
              },
              {
                "allocation_id": "",
                "ipv6_address": "",
                "outpost_id": "",
                "private_ipv4_address": "",
                "subnet_id": "subnet-0ec03a73f17256b05"
              }
            ],
            "subnets": [
              "subnet-0c8309aa811364403",
              "subnet-0ec03a73f17256b05"
            ],
            "tags": {
              "Name": "csg5-chatacademico-prod"
            },
            "tags_all": {
              "Name": "csg5-chatacademico-prod"
            },
            "timeouts": null,
            "vpc_id": "vpc-091d34e2da83fea28",
            "xff_header_processing_mode": "append",
            "zone_id": "Z35SXDOTRQ7X7K"
          },
          "sensitive_attributes": [],
          "private": "eyJlMmJmYjczMC1lY2FhLTExZTYtOGY4OC0zNDM2M2JjN2M0YzAiOnsiY3JlYXRlIjo2MDAwMDAwMDAwMDAsImRlbGV0ZSI6NjAwMDAwMDAwMDAwLCJ1cGRhdGUiOjYwMDAwMDAwMDAwMH19",
          "dependencies": [
            "aws_security_group.csg5_chatacademico_http_sg",
            "aws_security_group.csg5_chatacademico_ssh_sg",
            "aws_subnet.csg5_chatacademico_public_sbn",
            "aws_subnet.csg5_chatacademico_public_sbn2",
            "aws_vpc.csg5_chatacademico_vpc"
          ]
        }
      ]
    },
    {
      "mode": "managed",
      "type": "aws_lb_target_group",
      "name": "csg5_chatacademico_tglb",
      "provider": "provider[\"registry.terraform.io/hashicorp/aws\"]",
      "instances": [
        {
          "schema_version": 0,
          "attributes": {
            "arn": "arn:aws:elasticloadbalancing:us-east-1:813303321040:targetgroup/csg5-chatacademico-tglb/b43b0f2f3ae15c92",
            "arn_suffix": "targetgroup/csg5-chatacademico-tglb/b43b0f2f3ae15c92",
            "connection_termination": false,
            "deregistration_delay": "300",
            "health_check": [
              {
                "enabled": true,
                "healthy_threshold": 5,
                "interval": 30,
                "matcher": "200",
                "path": "/",
                "port": "traffic-port",
                "protocol": "HTTP",
                "timeout": 5,
                "unhealthy_threshold": 2
              }
            ],
            "id": "arn:aws:elasticloadbalancing:us-east-1:813303321040:targetgroup/csg5-chatacademico-tglb/b43b0f2f3ae15c92",
            "ip_address_type": "ipv4",
            "lambda_multi_value_headers_enabled": false,
            "load_balancing_algorithm_type": "round_robin",
            "load_balancing_cross_zone_enabled": "use_load_balancer_configuration",
            "name": "csg5-chatacademico-tglb",
            "name_prefix": null,
            "port": 80,
            "preserve_client_ip": null,
            "protocol": "HTTP",
            "protocol_version": "HTTP1",
            "proxy_protocol_v2": false,
            "slow_start": 0,
            "stickiness": [
              {
                "cookie_duration": 86400,
                "cookie_name": "",
                "enabled": false,
                "type": "lb_cookie"
              }
            ],
            "tags": {},
            "tags_all": {},
            "target_failover": [
              {
                "on_deregistration": null,
                "on_unhealthy": null
              }
            ],
            "target_type": "instance",
            "vpc_id": "vpc-091d34e2da83fea28"
          },
          "sensitive_attributes": [],
          "private": "bnVsbA==",
          "dependencies": [
            "aws_vpc.csg5_chatacademico_vpc"
          ],
          "create_before_destroy": true
        }
      ]
    },
    {
      "mode": "managed",
      "type": "aws_security_group",
      "name": "csg5_chatacademico_http_sg",
      "provider": "provider[\"registry.terraform.io/hashicorp/aws\"]",
      "instances": [
        {
          "schema_version": 1,
          "attributes": {
            "arn": "arn:aws:ec2:us-east-1:813303321040:security-group/sg-0b52ec25281c60551",
            "description": "Created by Terraform",
            "egress": [
              {
                "cidr_blocks": [
                  "0.0.0.0/0"
                ],
                "description": "",
                "from_port": 0,
                "ipv6_cidr_blocks": [],
                "prefix_list_ids": [],
                "protocol": "-1",
                "security_groups": [],
                "self": false,
                "to_port": 0
              }
            ],
            "id": "sg-0b52ec25281c60551",
            "ingress": [
              {
                "cidr_blocks": [
                  "0.0.0.0/0"
                ],
                "description": "Managed by Terraform.",
                "from_port": 443,
                "ipv6_cidr_blocks": [],
                "prefix_list_ids": [],
                "protocol": "tcp",
                "security_groups": [],
                "self": false,
                "to_port": 443
              },
              {
                "cidr_blocks": [
                  "0.0.0.0/0"
                ],
                "description": "Managed by Terraform.",
                "from_port": 80,
                "ipv6_cidr_blocks": [],
                "prefix_list_ids": [],
                "protocol": "tcp",
                "security_groups": [],
                "self": false,
                "to_port": 80
              }
            ],
            "name": "csg5-chatacademico-http-sg",
            "name_prefix": "",
            "owner_id": "813303321040",
            "revoke_rules_on_delete": false,
            "tags": {
              "Name": "csg5-chatacademico-prod"
            },
            "tags_all": {
              "Name": "csg5-chatacademico-prod"
            },
            "timeouts": null,
            "vpc_id": "vpc-091d34e2da83fea28"
          },
          "sensitive_attributes": [],
          "private": "eyJlMmJmYjczMC1lY2FhLTExZTYtOGY4OC0zNDM2M2JjN2M0YzAiOnsiY3JlYXRlIjo2MDAwMDAwMDAwMDAsImRlbGV0ZSI6OTAwMDAwMDAwMDAwfSwic2NoZW1hX3ZlcnNpb24iOiIxIn0=",
          "dependencies": [
            "aws_vpc.csg5_chatacademico_vpc"
          ],
          "create_before_destroy": true
        }
      ]
    },
    {
      "mode": "managed",
      "type": "aws_security_group",
      "name": "csg5_chatacademico_ssh_sg",
      "provider": "provider[\"registry.terraform.io/hashicorp/aws\"]",
      "instances": [
        {
          "schema_version": 1,
          "attributes": {
            "arn": "arn:aws:ec2:us-east-1:813303321040:security-group/sg-0930578399269eb57",
            "description": "Created by Terraform",
            "egress": [],
            "id": "sg-0930578399269eb57",
            "ingress": [
              {
                "cidr_blocks": [
                  "0.0.0.0/0"
                ],
                "description": "Managed by Terraform.",
                "from_port": 22,
                "ipv6_cidr_blocks": [],
                "prefix_list_ids": [],
                "protocol": "tcp",
                "security_groups": [],
                "self": false,
                "to_port": 22
              }
            ],
            "name": "csg5-chatacademico-ssh-sg",
            "name_prefix": "",
            "owner_id": "813303321040",
            "revoke_rules_on_delete": false,
            "tags": {
              "Name": "csg5-chatacademico-prod"
            },
            "tags_all": {
              "Name": "csg5-chatacademico-prod"
            },
            "timeouts": null,
            "vpc_id": "vpc-091d34e2da83fea28"
          },
          "sensitive_attributes": [],
          "private": "eyJlMmJmYjczMC1lY2FhLTExZTYtOGY4OC0zNDM2M2JjN2M0YzAiOnsiY3JlYXRlIjo2MDAwMDAwMDAwMDAsImRlbGV0ZSI6OTAwMDAwMDAwMDAwfSwic2NoZW1hX3ZlcnNpb24iOiIxIn0=",
          "dependencies": [
            "aws_vpc.csg5_chatacademico_vpc"
          ],
          "create_before_destroy": true
        }
      ]
    },
    {
      "mode": "managed",
      "type": "aws_subnet",
      "name": "csg5_chatacademico_public_sbn",
      "provider": "provider[\"registry.terraform.io/hashicorp/aws\"]",
      "instances": [
        {
          "schema_version": 1,
          "attributes": {
            "arn": "arn:aws:ec2:us-east-1:813303321040:subnet/subnet-0c8309aa811364403",
            "assign_ipv6_address_on_creation": false,
            "availability_zone": "us-east-1a",
            "availability_zone_id": "use1-az1",
            "cidr_block": "10.0.0.0/25",
            "customer_owned_ipv4_pool": "",
            "enable_dns64": false,
            "enable_lni_at_device_index": 0,
            "enable_resource_name_dns_a_record_on_launch": false,
            "enable_resource_name_dns_aaaa_record_on_launch": false,
            "id": "subnet-0c8309aa811364403",
            "ipv6_cidr_block": "",
            "ipv6_cidr_block_association_id": "",
            "ipv6_native": false,
            "map_customer_owned_ip_on_launch": false,
            "map_public_ip_on_launch": true,
            "outpost_arn": "",
            "owner_id": "813303321040",
            "private_dns_hostname_type_on_launch": "ip-name",
            "tags": {
              "Name": "csg5-chatacademico-prod"
            },
            "tags_all": {
              "Name": "csg5-chatacademico-prod"
            },
            "timeouts": null,
            "vpc_id": "vpc-091d34e2da83fea28"
          },
          "sensitive_attributes": [],
          "private": "eyJlMmJmYjczMC1lY2FhLTExZTYtOGY4OC0zNDM2M2JjN2M0YzAiOnsiY3JlYXRlIjo2MDAwMDAwMDAwMDAsImRlbGV0ZSI6MTIwMDAwMDAwMDAwMH0sInNjaGVtYV92ZXJzaW9uIjoiMSJ9",
          "dependencies": [
            "aws_vpc.csg5_chatacademico_vpc"
          ],
          "create_before_destroy": true
        }
      ]
    },
    {
      "mode": "managed",
      "type": "aws_subnet",
      "name": "csg5_chatacademico_public_sbn2",
      "provider": "provider[\"registry.terraform.io/hashicorp/aws\"]",
      "instances": [
        {
          "schema_version": 1,
          "attributes": {
            "arn": "arn:aws:ec2:us-east-1:813303321040:subnet/subnet-0ec03a73f17256b05",
            "assign_ipv6_address_on_creation": false,
            "availability_zone": "us-east-1b",
            "availability_zone_id": "use1-az2",
            "cidr_block": "10.0.0.128/25",
            "customer_owned_ipv4_pool": "",
            "enable_dns64": false,
            "enable_lni_at_device_index": 0,
            "enable_resource_name_dns_a_record_on_launch": false,
            "enable_resource_name_dns_aaaa_record_on_launch": false,
            "id": "subnet-0ec03a73f17256b05",
            "ipv6_cidr_block": "",
            "ipv6_cidr_block_association_id": "",
            "ipv6_native": false,
            "map_customer_owned_ip_on_launch": false,
            "map_public_ip_on_launch": true,
            "outpost_arn": "",
            "owner_id": "813303321040",
            "private_dns_hostname_type_on_launch": "ip-name",
            "tags": {
              "Name": "csg5-chatacademico-prod"
            },
            "tags_all": {
              "Name": "csg5-chatacademico-prod"
            },
            "timeouts": null,
            "vpc_id": "vpc-091d34e2da83fea28"
          },
          "sensitive_attributes": [],
          "private": "eyJlMmJmYjczMC1lY2FhLTExZTYtOGY4OC0zNDM2M2JjN2M0YzAiOnsiY3JlYXRlIjo2MDAwMDAwMDAwMDAsImRlbGV0ZSI6MTIwMDAwMDAwMDAwMH0sInNjaGVtYV92ZXJzaW9uIjoiMSJ9",
          "dependencies": [
            "aws_vpc.csg5_chatacademico_vpc"
          ],
          "create_before_destroy": true
        }
      ]
    },
    {
      "mode": "managed",
      "type": "aws_vpc",
      "name": "csg5_chatacademico_vpc",
      "provider": "provider[\"registry.terraform.io/hashicorp/aws\"]",
      "instances": [
        {
          "schema_version": 1,
          "attributes": {
            "arn": "arn:aws:ec2:us-east-1:813303321040:vpc/vpc-091d34e2da83fea28",
            "assign_generated_ipv6_cidr_block": false,
            "cidr_block": "10.0.0.0/24",
            "default_network_acl_id": "acl-0ed5c60e054e09724",
            "default_route_table_id": "rtb-06b96e68ee9f00171",
            "default_security_group_id": "sg-0bf1f74a297c187c0",
            "dhcp_options_id": "dopt-0398e1ea6d312cc8b",
            "enable_classiclink": false,
            "enable_classiclink_dns_support": false,
            "enable_dns_hostnames": false,
            "enable_dns_support": true,
            "enable_network_address_usage_metrics": false,
            "id": "vpc-091d34e2da83fea28",
            "instance_tenancy": "default",
            "ipv4_ipam_pool_id": null,
            "ipv4_netmask_length": null,
            "ipv6_association_id": "",
            "ipv6_cidr_block": "",
            "ipv6_cidr_block_network_border_group": "",
            "ipv6_ipam_pool_id": "",
            "ipv6_netmask_length": 0,
            "main_route_table_id": "rtb-06b96e68ee9f00171",
            "owner_id": "813303321040",
            "tags": {
              "Name": "csg5-chatacademico-prod"
            },
            "tags_all": {
              "Name": "csg5-chatacademico-prod"
            }
          },
          "sensitive_attributes": [],
          "private": "eyJzY2hlbWFfdmVyc2lvbiI6IjEifQ==",
          "create_before_destroy": true
        }
      ]
    },
    {
      "mode": "managed",
      "type": "local_file",
      "name": "csg5_chatacademico_key_pair_file",
      "provider": "provider[\"registry.terraform.io/hashicorp/local\"]",
      "instances": [
        {
          "schema_version": 0,
          "attributes": {
            "content": "-----BEGIN RSA PRIVATE KEY-----\nMIIJKgIBAAKCAgEAym1gM0GrqB74zL4gfCIHKVxBimoA+2vr3+2nnXpY/ZFH776X\nk8d7ObLQ1ZeXx1EcBw36IrPDB4HuA/Lr0ezvMsQBdPRuoPFfIIcduvA+xzTrLxlG\nPtGI0tG9vj2KsnoX+gpaX0gGpP2v5pquOWJ7Ih+gFw6G9rnA+NftYg+V20VBzvoX\nLpwhgoncHr5A5WBLzOI9g3P2oduwi/nr+H7/EryxN2GDbvqRaJb1ZJeJ2gTdp25Y\n3unpJ8jrPCm+ghAKieI1FK8sTH6IXeaLUjSBt7akqESixLwmc8l5PdtENEqDE2g2\nv5Lt7pW2+4u355lehA4ONC97ZY5x/KNOEMwfAVxUDI4QMQ7FOmTZ4HueFydS1mvW\nzyXXhceIx53Edx4FCepEP1jjsvWkrhHigpHento5V3MK4wnYqdOk6lNNmUspWevl\nwzGiyAmlmoltds5CMeXYhfvfGI5o92CRfN6znYHPu7GlAIP07M9/9Tr2JHp1h88A\nvC5h9+C3hm7wTODGwY8VC0prtORukIa9iv2EvuFhomuxUhwCQOAo5sDyv61tzpJN\nSm5wvdfRl7TAdVlChniZI8BkNzDhQbu4VfdUDXdm2FkFgd0ZRQ14NLYla2wtl30G\na23wRYNaP4iXgtS0WmyZB27sutdJtHTBpARlIYR+17IEOhPfYfo99uSY0HkCAwEA\nAQKCAgEApQm3vRJ1mYRm5Ma+RXaY0CffZ7I1SscacF+aoNH3bATe2aBShLHGzav0\nh7AoluCSMU47+b8F60ELhTyw915tRr53UZtX9u/T1vlSS+9Dv7ZtaOD6XI0JOJi4\nUjpqskjI85stQzG9+Ra8Kw9BrJeWPKP8KdA2SUH5CulBKQn76+HzXYSZEe9JgtxT\nEt2am2h/ZHOwI1SQaDZtIjKJKPihje05ryVZu0me897gAztpsM72yGM3IccjyMQO\nxeZi5Def3/sFu+919ofTNnuYa1VTzSyj4mzTKAMedph0uPHkEZ4Ob+wvdtGcG0EF\nBuFK9xAb9x5ehj2QJaSVWpzqMNe7DjW7VZe0EsnnFtRDNJvcyxPeS9SXJ1Gu2X8v\nvl2PgtQXoPI+tUGlKi4JvXpzAtqez8ZHTkheyPGZ15vSNp4YA2n1wrvKJ/rrXhj1\nNLmSJYT53X0AGTdR/SZUf5ZwFqSjfjykXKCiA90b2hThrT00F+3c8tBhi4gE6jYq\nFrfFLbhpezaJbzOW/jfWpGl1d/hwSbsSeqFtgnJ8q9b46gvODYJiZeTJPHUKUq5f\nq3YhXzpNBROcATdkZPH5TCPzJobHH+MK75uwy4G+n3Ty+HthSV5unnZvrph0Oq0s\nLmKANIOrf0TjMr9v4WsB3xic+Fd8fANWhsSwh/xk0kQl3AW454ECggEBAOU/dn82\nAIWC/WyGSoqf35YSfBB3BpKhT5DW2wa52YG3IxCST8aWDTN691SoeNn1jUgQ5T3g\nid6fkb5XJDLlYojyW3kaVKU4KPHdOeqWAGcG0qOCrYEeHlR1NUQRUO4PgCeDh1iP\nWRSkwA046a3O3TaCm4KhhvaonhB29bC8FB/OSKGryvchYDWq3S7zfTQWqKrdBPw4\nWfF3zmcyorzuwXk3Zg+5txzfkKhexK1bZAq9o3h+S4/blnno8rVOA//NS0Cu+29G\nbLDbhwQvRzTR0aZN04Yai5PB6uxvyb0IMG4krkobIDBSbVScjniNpX5M8/ruqEAa\nhLOThVDfRkhvbTUCggEBAOIMrKhaMmK6oFdfdqtXpNcoNQK0ZTjXLcCY3mIBEeI+\nPUYDxVTGBVX6vmxZmIFv0n7Ek7V3iWxef1pdNXib39GeE6MQ3beFSyt30h5oAYD0\nJRS8Oy4A7WJ1SD/D1iMImYnQNCu1nj1yyjYXDARGG9RF3SvPQ24mMdwdFm0K6jqh\nhk3c+kYm8cLJi2dNtRp03FHnNVpt36yE2+/MNrswmgxGKQCu770CZufWqa6tmVGu\nF+4L8x5gjZio+fxqMX4wEIxLJiDSyab/wiigXmRq/zs84bjWTzKXvm4Z0V6ipPsz\njbMYfHxC/CmLo4BEAt85i7Z5BkOdX3UCZDoZlOtTcrUCggEBAJEkZgzSju/46CSO\nvaEY6YFlgKEYCtRJR0vnjFKs1jYXUh8K03FizUbbwr4Z0DIHEoUfFVTg1clac/bz\nyxpiOsmD0EBTWGYmsV24eBO7FtQj8LbPZLSL8h38+1V2NSwUKkpaLxX15Ct6x5FX\niDOf9lStynGhfQar6S95ccKMwZ0FiNy7HMzsl7JC1LkGNi4FbpKHTsG1l9SWytpx\np7FA5MOvPHIWXgXs0fSX06QCacuXF2mRZJvXJmVXBFuf4k5RlySD5PMlvmkXBFu0\n5ztc4ISPX63XHqnVK7y4ZhzFk4wYszR+ChouBcR9PoK7A518cThdY676Wywq6Uwz\noJb53UUCggEAD5OYAjHU7wC1M9AcOUpczYazwG/12ajaOj9Oc6pnNRPc3Qo9es36\naCZTINw7qg+ujZW2J/cIvTL1y6BIovr6vVMLP11WKeNBfslO7VF1aRFpzLf7y/u8\nX+B9DgfMpbVd/yUdszVcphdW38tOxKygFkyKJQ6vMtPm86f9d54c7dVbj9n+VP8y\nAZ4pwQCVzjDnTa2E+6o+k4DENw33Z4a91sKu6KElW/ziYm9kWekUe5Bnjbu9EQbO\nOwrJzx7yMiPVwBUdl31u79cH5gzG9Fx7IfXcCASciHv0X1ngF4lVnQm8Ze72BQoI\nnkRFC/2jxQYOHpDQYbBid4mmpmpE3MJvUQKCAQEAm3drfnjdq0WARgntoqpHkzMV\nDdCtYmKGM7K9nV9FJqtecehTB1OvFrUzYV/+y37tMMtXIcuGub8cGDuai/qsizZh\nCrYRWygdZuoFAWojcuUCD45woz+ZNRTaHb6Xpbye+yurSMP/s34JU7bYE+cso4te\nvNesOPCs52499f+YeJvL0VS6tBTPdddMWc8ygyS//N9GdFog21Htm1cjafwf1rCy\nZTzBL4SpQrz7gn/tDMicKG0d6ODcf7ZAfVOBcPasCajWULZpXDlhxB7mrCO7UBwj\nyVRTYI5D8rL98dFyQo3+Gu4Rf56YsB7CLfwRdbW61eC/IYgMo5TNEu9MuMVYJA==\n-----END RSA PRIVATE KEY-----\n",
            "content_base64": null,
            "content_base64sha256": "8owc4yIVpfEZ2qZI059RKj1DMve81KZqGvtwEKFXAjc=",
            "content_base64sha512": "LHwPZhMGH8+QgDMB0MA9L2QVF1Hk5IEoGZ7JLIoI2+LfA4jIb0PJP2GwF1vMywolarfzxNQVQJFGYU40uenKTQ==",
            "content_md5": "65a0e70c3a11def32e7bde6dc37469ff",
            "content_sha1": "e8ea7dc8f0177beeb1f21bb6fbbb7f608db53398",
            "content_sha256": "f28c1ce32215a5f119daa648d39f512a3d4332f7bcd4a66a1afb7010a1570237",
            "content_sha512": "2c7c0f6613061fcf90803301d0c03d2f64151751e4e48128199ec92c8a08dbe2df0388c86f43c93f61b0175bcccb0a256ab7f3c4d415409146614e34b9e9ca4d",
            "directory_permission": "0777",
            "file_permission": "0777",
            "filename": "csg5-chatacademico-key-pair",
            "id": "e8ea7dc8f0177beeb1f21bb6fbbb7f608db53398",
            "sensitive_content": null,
            "source": null
          },
          "sensitive_attributes": [
            [
              {
                "type": "get_attr",
                "value": "content"
              }
            ]
          ],
          "dependencies": [
            "tls_private_key.csg5_chatacademico_rsa"
          ]
        }
      ]
    },
    {
      "mode": "managed",
      "type": "tls_private_key",
      "name": "csg5_chatacademico_rsa",
      "provider": "provider[\"registry.terraform.io/hashicorp/tls\"]",
      "instances": [
        {
          "schema_version": 1,
          "attributes": {
            "algorithm": "RSA",
            "ecdsa_curve": "P224",
            "id": "3d3b6d07262e758cd2222b11ff0f1578772f3b75",
            "private_key_openssh": "-----BEGIN OPENSSH PRIVATE KEY-----\nb3BlbnNzaC1rZXktdjEAAAAABG5vbmUAAAAEbm9uZQAAAAAAAAABAAACFwAAAAdz\nc2gtcnNhAAAAAwEAAQAAAgEAym1gM0GrqB74zL4gfCIHKVxBimoA+2vr3+2nnXpY\n/ZFH776Xk8d7ObLQ1ZeXx1EcBw36IrPDB4HuA/Lr0ezvMsQBdPRuoPFfIIcduvA+\nxzTrLxlGPtGI0tG9vj2KsnoX+gpaX0gGpP2v5pquOWJ7Ih+gFw6G9rnA+NftYg+V\n20VBzvoXLpwhgoncHr5A5WBLzOI9g3P2oduwi/nr+H7/EryxN2GDbvqRaJb1ZJeJ\n2gTdp25Y3unpJ8jrPCm+ghAKieI1FK8sTH6IXeaLUjSBt7akqESixLwmc8l5PdtE\nNEqDE2g2v5Lt7pW2+4u355lehA4ONC97ZY5x/KNOEMwfAVxUDI4QMQ7FOmTZ4Hue\nFydS1mvWzyXXhceIx53Edx4FCepEP1jjsvWkrhHigpHento5V3MK4wnYqdOk6lNN\nmUspWevlwzGiyAmlmoltds5CMeXYhfvfGI5o92CRfN6znYHPu7GlAIP07M9/9Tr2\nJHp1h88AvC5h9+C3hm7wTODGwY8VC0prtORukIa9iv2EvuFhomuxUhwCQOAo5sDy\nv61tzpJNSm5wvdfRl7TAdVlChniZI8BkNzDhQbu4VfdUDXdm2FkFgd0ZRQ14NLYl\na2wtl30Ga23wRYNaP4iXgtS0WmyZB27sutdJtHTBpARlIYR+17IEOhPfYfo99uSY\n0HkAAAc40KzaVNCs2lQAAAAHc3NoLXJzYQAAAgEAym1gM0GrqB74zL4gfCIHKVxB\nimoA+2vr3+2nnXpY/ZFH776Xk8d7ObLQ1ZeXx1EcBw36IrPDB4HuA/Lr0ezvMsQB\ndPRuoPFfIIcduvA+xzTrLxlGPtGI0tG9vj2KsnoX+gpaX0gGpP2v5pquOWJ7Ih+g\nFw6G9rnA+NftYg+V20VBzvoXLpwhgoncHr5A5WBLzOI9g3P2oduwi/nr+H7/Eryx\nN2GDbvqRaJb1ZJeJ2gTdp25Y3unpJ8jrPCm+ghAKieI1FK8sTH6IXeaLUjSBt7ak\nqESixLwmc8l5PdtENEqDE2g2v5Lt7pW2+4u355lehA4ONC97ZY5x/KNOEMwfAVxU\nDI4QMQ7FOmTZ4HueFydS1mvWzyXXhceIx53Edx4FCepEP1jjsvWkrhHigpHento5\nV3MK4wnYqdOk6lNNmUspWevlwzGiyAmlmoltds5CMeXYhfvfGI5o92CRfN6znYHP\nu7GlAIP07M9/9Tr2JHp1h88AvC5h9+C3hm7wTODGwY8VC0prtORukIa9iv2EvuFh\nomuxUhwCQOAo5sDyv61tzpJNSm5wvdfRl7TAdVlChniZI8BkNzDhQbu4VfdUDXdm\n2FkFgd0ZRQ14NLYla2wtl30Ga23wRYNaP4iXgtS0WmyZB27sutdJtHTBpARlIYR+\n17IEOhPfYfo99uSY0HkAAAADAQABAAACAQClCbe9EnWZhGbkxr5FdpjQJ99nsjVK\nxxpwX5qg0fdsBN7ZoFKEscbNq/SHsCiW4JIxTjv5vwXrQQuFPLD3Xm1GvndRm1f2\n79PW+VJL70O/tm1o4PpcjQk4mLhSOmqySMjzmy1DMb35FrwrD0Gsl5Y8o/wp0DZJ\nQfkK6UEpCfvr4fNdhJkR70mC3FMS3ZqbaH9kc7AjVJBoNm0iMoko+KGN7TmvJVm7\nSZ7z3uADO2mwzvbIYzchxyPIxA7F5mLkN5/f+wW773X2h9M2e5hrVVPNLKPibNMo\nAx52mHS48eQRng5v7C920ZwbQQUG4Ur3EBv3Hl6GPZAlpJVanOow17sONbtVl7QS\nyecW1EM0m9zLE95L1JcnUa7Zfy++XY+C1Beg8j61QaUqLgm9enMC2p7PxkdOSF7I\n8ZnXm9I2nhgDafXCu8on+uteGPU0uZIlhPndfQAZN1H9JlR/lnAWpKN+PKRcoKID\n3RvaFOGtPTQX7dzy0GGLiATqNioWt8UtuGl7NolvM5b+N9akaXV3+HBJuxJ6oW2C\ncnyr1vjqC84NgmJl5Mk8dQpSrl+rdiFfOk0FE5wBN2Rk8flMI/Mmhscf4wrvm7DL\ngb6fdPL4e2FJXm6edm+umHQ6rSwuYoA0g6t/ROMyv2/hawHfGJz4V3x8A1aGxLCH\n/GTSRCXcBbjngQAAAQEAm3drfnjdq0WARgntoqpHkzMVDdCtYmKGM7K9nV9FJqte\ncehTB1OvFrUzYV/+y37tMMtXIcuGub8cGDuai/qsizZhCrYRWygdZuoFAWojcuUC\nD45woz+ZNRTaHb6Xpbye+yurSMP/s34JU7bYE+cso4tevNesOPCs52499f+YeJvL\n0VS6tBTPdddMWc8ygyS//N9GdFog21Htm1cjafwf1rCyZTzBL4SpQrz7gn/tDMic\nKG0d6ODcf7ZAfVOBcPasCajWULZpXDlhxB7mrCO7UBwjyVRTYI5D8rL98dFyQo3+\nGu4Rf56YsB7CLfwRdbW61eC/IYgMo5TNEu9MuMVYJAAAAQEA5T92fzYAhYL9bIZK\nip/flhJ8EHcGkqFPkNbbBrnZgbcjEJJPxpYNM3r3VKh42fWNSBDlPeCJ3p+Rvlck\nMuViiPJbeRpUpTgo8d056pYAZwbSo4KtgR4eVHU1RBFQ7g+AJ4OHWI9ZFKTADTjp\nrc7dNoKbgqGG9qieEHb1sLwUH85IoavK9yFgNardLvN9NBaoqt0E/DhZ8XfOZzKi\nvO7BeTdmD7m3HN+QqF7ErVtkCr2jeH5Lj9uWeejytU4D/81LQK77b0ZssNuHBC9H\nNNHRpk3ThhqLk8Hq7G/JvQgwbiSuShsgMFJtVJyOeI2lfkzz+u6oQBqEs5OFUN9G\nSG9tNQAAAQEA4gysqFoyYrqgV192q1ek1yg1ArRlONctwJjeYgER4j49RgPFVMYF\nVfq+bFmYgW/SfsSTtXeJbF5/Wl01eJvf0Z4ToxDdt4VLK3fSHmgBgPQlFLw7LgDt\nYnVIP8PWIwiZidA0K7WePXLKNhcMBEYb1EXdK89DbiYx3B0WbQrqOqGGTdz6Ribx\nwsmLZ021GnTcUec1Wm3frITb78w2uzCaDEYpAK7vvQJm59aprq2ZUa4X7gvzHmCN\nmKj5/GoxfjAQjEsmINLJpv/CKKBeZGr/OzzhuNZPMpe+bhnRXqKk+zONsxh8fEL8\nKYujgEQC3zmLtnkGQ51fdQJkOhmU61NytQAAAAAB\n-----END OPENSSH PRIVATE KEY-----\n",
            "private_key_pem": "-----BEGIN RSA PRIVATE KEY-----\nMIIJKgIBAAKCAgEAym1gM0GrqB74zL4gfCIHKVxBimoA+2vr3+2nnXpY/ZFH776X\nk8d7ObLQ1ZeXx1EcBw36IrPDB4HuA/Lr0ezvMsQBdPRuoPFfIIcduvA+xzTrLxlG\nPtGI0tG9vj2KsnoX+gpaX0gGpP2v5pquOWJ7Ih+gFw6G9rnA+NftYg+V20VBzvoX\nLpwhgoncHr5A5WBLzOI9g3P2oduwi/nr+H7/EryxN2GDbvqRaJb1ZJeJ2gTdp25Y\n3unpJ8jrPCm+ghAKieI1FK8sTH6IXeaLUjSBt7akqESixLwmc8l5PdtENEqDE2g2\nv5Lt7pW2+4u355lehA4ONC97ZY5x/KNOEMwfAVxUDI4QMQ7FOmTZ4HueFydS1mvW\nzyXXhceIx53Edx4FCepEP1jjsvWkrhHigpHento5V3MK4wnYqdOk6lNNmUspWevl\nwzGiyAmlmoltds5CMeXYhfvfGI5o92CRfN6znYHPu7GlAIP07M9/9Tr2JHp1h88A\nvC5h9+C3hm7wTODGwY8VC0prtORukIa9iv2EvuFhomuxUhwCQOAo5sDyv61tzpJN\nSm5wvdfRl7TAdVlChniZI8BkNzDhQbu4VfdUDXdm2FkFgd0ZRQ14NLYla2wtl30G\na23wRYNaP4iXgtS0WmyZB27sutdJtHTBpARlIYR+17IEOhPfYfo99uSY0HkCAwEA\nAQKCAgEApQm3vRJ1mYRm5Ma+RXaY0CffZ7I1SscacF+aoNH3bATe2aBShLHGzav0\nh7AoluCSMU47+b8F60ELhTyw915tRr53UZtX9u/T1vlSS+9Dv7ZtaOD6XI0JOJi4\nUjpqskjI85stQzG9+Ra8Kw9BrJeWPKP8KdA2SUH5CulBKQn76+HzXYSZEe9JgtxT\nEt2am2h/ZHOwI1SQaDZtIjKJKPihje05ryVZu0me897gAztpsM72yGM3IccjyMQO\nxeZi5Def3/sFu+919ofTNnuYa1VTzSyj4mzTKAMedph0uPHkEZ4Ob+wvdtGcG0EF\nBuFK9xAb9x5ehj2QJaSVWpzqMNe7DjW7VZe0EsnnFtRDNJvcyxPeS9SXJ1Gu2X8v\nvl2PgtQXoPI+tUGlKi4JvXpzAtqez8ZHTkheyPGZ15vSNp4YA2n1wrvKJ/rrXhj1\nNLmSJYT53X0AGTdR/SZUf5ZwFqSjfjykXKCiA90b2hThrT00F+3c8tBhi4gE6jYq\nFrfFLbhpezaJbzOW/jfWpGl1d/hwSbsSeqFtgnJ8q9b46gvODYJiZeTJPHUKUq5f\nq3YhXzpNBROcATdkZPH5TCPzJobHH+MK75uwy4G+n3Ty+HthSV5unnZvrph0Oq0s\nLmKANIOrf0TjMr9v4WsB3xic+Fd8fANWhsSwh/xk0kQl3AW454ECggEBAOU/dn82\nAIWC/WyGSoqf35YSfBB3BpKhT5DW2wa52YG3IxCST8aWDTN691SoeNn1jUgQ5T3g\nid6fkb5XJDLlYojyW3kaVKU4KPHdOeqWAGcG0qOCrYEeHlR1NUQRUO4PgCeDh1iP\nWRSkwA046a3O3TaCm4KhhvaonhB29bC8FB/OSKGryvchYDWq3S7zfTQWqKrdBPw4\nWfF3zmcyorzuwXk3Zg+5txzfkKhexK1bZAq9o3h+S4/blnno8rVOA//NS0Cu+29G\nbLDbhwQvRzTR0aZN04Yai5PB6uxvyb0IMG4krkobIDBSbVScjniNpX5M8/ruqEAa\nhLOThVDfRkhvbTUCggEBAOIMrKhaMmK6oFdfdqtXpNcoNQK0ZTjXLcCY3mIBEeI+\nPUYDxVTGBVX6vmxZmIFv0n7Ek7V3iWxef1pdNXib39GeE6MQ3beFSyt30h5oAYD0\nJRS8Oy4A7WJ1SD/D1iMImYnQNCu1nj1yyjYXDARGG9RF3SvPQ24mMdwdFm0K6jqh\nhk3c+kYm8cLJi2dNtRp03FHnNVpt36yE2+/MNrswmgxGKQCu770CZufWqa6tmVGu\nF+4L8x5gjZio+fxqMX4wEIxLJiDSyab/wiigXmRq/zs84bjWTzKXvm4Z0V6ipPsz\njbMYfHxC/CmLo4BEAt85i7Z5BkOdX3UCZDoZlOtTcrUCggEBAJEkZgzSju/46CSO\nvaEY6YFlgKEYCtRJR0vnjFKs1jYXUh8K03FizUbbwr4Z0DIHEoUfFVTg1clac/bz\nyxpiOsmD0EBTWGYmsV24eBO7FtQj8LbPZLSL8h38+1V2NSwUKkpaLxX15Ct6x5FX\niDOf9lStynGhfQar6S95ccKMwZ0FiNy7HMzsl7JC1LkGNi4FbpKHTsG1l9SWytpx\np7FA5MOvPHIWXgXs0fSX06QCacuXF2mRZJvXJmVXBFuf4k5RlySD5PMlvmkXBFu0\n5ztc4ISPX63XHqnVK7y4ZhzFk4wYszR+ChouBcR9PoK7A518cThdY676Wywq6Uwz\noJb53UUCggEAD5OYAjHU7wC1M9AcOUpczYazwG/12ajaOj9Oc6pnNRPc3Qo9es36\naCZTINw7qg+ujZW2J/cIvTL1y6BIovr6vVMLP11WKeNBfslO7VF1aRFpzLf7y/u8\nX+B9DgfMpbVd/yUdszVcphdW38tOxKygFkyKJQ6vMtPm86f9d54c7dVbj9n+VP8y\nAZ4pwQCVzjDnTa2E+6o+k4DENw33Z4a91sKu6KElW/ziYm9kWekUe5Bnjbu9EQbO\nOwrJzx7yMiPVwBUdl31u79cH5gzG9Fx7IfXcCASciHv0X1ngF4lVnQm8Ze72BQoI\nnkRFC/2jxQYOHpDQYbBid4mmpmpE3MJvUQKCAQEAm3drfnjdq0WARgntoqpHkzMV\nDdCtYmKGM7K9nV9FJqtecehTB1OvFrUzYV/+y37tMMtXIcuGub8cGDuai/qsizZh\nCrYRWygdZuoFAWojcuUCD45woz+ZNRTaHb6Xpbye+yurSMP/s34JU7bYE+cso4te\nvNesOPCs52499f+YeJvL0VS6tBTPdddMWc8ygyS//N9GdFog21Htm1cjafwf1rCy\nZTzBL4SpQrz7gn/tDMicKG0d6ODcf7ZAfVOBcPasCajWULZpXDlhxB7mrCO7UBwj\nyVRTYI5D8rL98dFyQo3+Gu4Rf56YsB7CLfwRdbW61eC/IYgMo5TNEu9MuMVYJA==\n-----END RSA PRIVATE KEY-----\n",
            "private_key_pem_pkcs8": "-----BEGIN PRIVATE KEY-----\nMIIJRAIBADANBgkqhkiG9w0BAQEFAASCCS4wggkqAgEAAoICAQDKbWAzQauoHvjM\nviB8IgcpXEGKagD7a+vf7aedelj9kUfvvpeTx3s5stDVl5fHURwHDfois8MHge4D\n8uvR7O8yxAF09G6g8V8ghx268D7HNOsvGUY+0YjS0b2+PYqyehf6ClpfSAak/a/m\nmq45YnsiH6AXDob2ucD41+1iD5XbRUHO+hcunCGCidwevkDlYEvM4j2Dc/ah27CL\n+ev4fv8SvLE3YYNu+pFolvVkl4naBN2nblje6eknyOs8Kb6CEAqJ4jUUryxMfohd\n5otSNIG3tqSoRKLEvCZzyXk920Q0SoMTaDa/ku3ulbb7i7fnmV6EDg40L3tljnH8\no04QzB8BXFQMjhAxDsU6ZNnge54XJ1LWa9bPJdeFx4jHncR3HgUJ6kQ/WOOy9aSu\nEeKCkd6e2jlXcwrjCdip06TqU02ZSylZ6+XDMaLICaWaiW12zkIx5diF+98Yjmj3\nYJF83rOdgc+7saUAg/Tsz3/1OvYkenWHzwC8LmH34LeGbvBM4MbBjxULSmu05G6Q\nhr2K/YS+4WGia7FSHAJA4CjmwPK/rW3Okk1KbnC919GXtMB1WUKGeJkjwGQ3MOFB\nu7hV91QNd2bYWQWB3RlFDXg0tiVrbC2XfQZrbfBFg1o/iJeC1LRabJkHbuy610m0\ndMGkBGUhhH7XsgQ6E99h+j325JjQeQIDAQABAoICAQClCbe9EnWZhGbkxr5FdpjQ\nJ99nsjVKxxpwX5qg0fdsBN7ZoFKEscbNq/SHsCiW4JIxTjv5vwXrQQuFPLD3Xm1G\nvndRm1f279PW+VJL70O/tm1o4PpcjQk4mLhSOmqySMjzmy1DMb35FrwrD0Gsl5Y8\no/wp0DZJQfkK6UEpCfvr4fNdhJkR70mC3FMS3ZqbaH9kc7AjVJBoNm0iMoko+KGN\n7TmvJVm7SZ7z3uADO2mwzvbIYzchxyPIxA7F5mLkN5/f+wW773X2h9M2e5hrVVPN\nLKPibNMoAx52mHS48eQRng5v7C920ZwbQQUG4Ur3EBv3Hl6GPZAlpJVanOow17sO\nNbtVl7QSyecW1EM0m9zLE95L1JcnUa7Zfy++XY+C1Beg8j61QaUqLgm9enMC2p7P\nxkdOSF7I8ZnXm9I2nhgDafXCu8on+uteGPU0uZIlhPndfQAZN1H9JlR/lnAWpKN+\nPKRcoKID3RvaFOGtPTQX7dzy0GGLiATqNioWt8UtuGl7NolvM5b+N9akaXV3+HBJ\nuxJ6oW2Ccnyr1vjqC84NgmJl5Mk8dQpSrl+rdiFfOk0FE5wBN2Rk8flMI/Mmhscf\n4wrvm7DLgb6fdPL4e2FJXm6edm+umHQ6rSwuYoA0g6t/ROMyv2/hawHfGJz4V3x8\nA1aGxLCH/GTSRCXcBbjngQKCAQEA5T92fzYAhYL9bIZKip/flhJ8EHcGkqFPkNbb\nBrnZgbcjEJJPxpYNM3r3VKh42fWNSBDlPeCJ3p+RvlckMuViiPJbeRpUpTgo8d05\n6pYAZwbSo4KtgR4eVHU1RBFQ7g+AJ4OHWI9ZFKTADTjprc7dNoKbgqGG9qieEHb1\nsLwUH85IoavK9yFgNardLvN9NBaoqt0E/DhZ8XfOZzKivO7BeTdmD7m3HN+QqF7E\nrVtkCr2jeH5Lj9uWeejytU4D/81LQK77b0ZssNuHBC9HNNHRpk3ThhqLk8Hq7G/J\nvQgwbiSuShsgMFJtVJyOeI2lfkzz+u6oQBqEs5OFUN9GSG9tNQKCAQEA4gysqFoy\nYrqgV192q1ek1yg1ArRlONctwJjeYgER4j49RgPFVMYFVfq+bFmYgW/SfsSTtXeJ\nbF5/Wl01eJvf0Z4ToxDdt4VLK3fSHmgBgPQlFLw7LgDtYnVIP8PWIwiZidA0K7We\nPXLKNhcMBEYb1EXdK89DbiYx3B0WbQrqOqGGTdz6RibxwsmLZ021GnTcUec1Wm3f\nrITb78w2uzCaDEYpAK7vvQJm59aprq2ZUa4X7gvzHmCNmKj5/GoxfjAQjEsmINLJ\npv/CKKBeZGr/OzzhuNZPMpe+bhnRXqKk+zONsxh8fEL8KYujgEQC3zmLtnkGQ51f\ndQJkOhmU61NytQKCAQEAkSRmDNKO7/joJI69oRjpgWWAoRgK1ElHS+eMUqzWNhdS\nHwrTcWLNRtvCvhnQMgcShR8VVODVyVpz9vPLGmI6yYPQQFNYZiaxXbh4E7sW1CPw\nts9ktIvyHfz7VXY1LBQqSlovFfXkK3rHkVeIM5/2VK3KcaF9BqvpL3lxwozBnQWI\n3LsczOyXskLUuQY2LgVukodOwbWX1JbK2nGnsUDkw688chZeBezR9JfTpAJpy5cX\naZFkm9cmZVcEW5/iTlGXJIPk8yW+aRcEW7TnO1zghI9frdceqdUrvLhmHMWTjBiz\nNH4KGi4FxH0+grsDnXxxOF1jrvpbLCrpTDOglvndRQKCAQAPk5gCMdTvALUz0Bw5\nSlzNhrPAb/XZqNo6P05zqmc1E9zdCj16zfpoJlMg3DuqD66NlbYn9wi9MvXLoEii\n+vq9Uws/XVYp40F+yU7tUXVpEWnMt/vL+7xf4H0OB8yltV3/JR2zNVymF1bfy07E\nrKAWTIolDq8y0+bzp/13nhzt1VuP2f5U/zIBninBAJXOMOdNrYT7qj6TgMQ3Dfdn\nhr3Wwq7ooSVb/OJib2RZ6RR7kGeNu70RBs47CsnPHvIyI9XAFR2XfW7v1wfmDMb0\nXHsh9dwIBJyIe/RfWeAXiVWdCbxl7vYFCgieREUL/aPFBg4ekNBhsGJ3iaamakTc\nwm9RAoIBAQCbd2t+eN2rRYBGCe2iqkeTMxUN0K1iYoYzsr2dX0Umq15x6FMHU68W\ntTNhX/7Lfu0wy1chy4a5vxwYO5qL+qyLNmEKthFbKB1m6gUBaiNy5QIPjnCjP5k1\nFNodvpelvJ77K6tIw/+zfglTttgT5yyji16816w48Kznbj31/5h4m8vRVLq0FM91\n10xZzzKDJL/830Z0WiDbUe2bVyNp/B/WsLJlPMEvhKlCvPuCf+0MyJwobR3o4Nx/\ntkB9U4Fw9qwJqNZQtmlcOWHEHuasI7tQHCPJVFNgjkPysv3x0XJCjf4a7hF/npiw\nHsIt/BF1tbrV4L8hiAyjlM0S70y4xVgk\n-----END PRIVATE KEY-----\n",
            "public_key_fingerprint_md5": "4c:8e:f0:2e:bf:a9:d5:92:11:0a:bb:34:67:ef:bd:5e",
            "public_key_fingerprint_sha256": "SHA256:SwYW7Dr75bdKw++o750AMFqjkhMXgYeRKjXquEoT5HI",
            "public_key_openssh": "ssh-rsa AAAAB3NzaC1yc2EAAAADAQABAAACAQDKbWAzQauoHvjMviB8IgcpXEGKagD7a+vf7aedelj9kUfvvpeTx3s5stDVl5fHURwHDfois8MHge4D8uvR7O8yxAF09G6g8V8ghx268D7HNOsvGUY+0YjS0b2+PYqyehf6ClpfSAak/a/mmq45YnsiH6AXDob2ucD41+1iD5XbRUHO+hcunCGCidwevkDlYEvM4j2Dc/ah27CL+ev4fv8SvLE3YYNu+pFolvVkl4naBN2nblje6eknyOs8Kb6CEAqJ4jUUryxMfohd5otSNIG3tqSoRKLEvCZzyXk920Q0SoMTaDa/ku3ulbb7i7fnmV6EDg40L3tljnH8o04QzB8BXFQMjhAxDsU6ZNnge54XJ1LWa9bPJdeFx4jHncR3HgUJ6kQ/WOOy9aSuEeKCkd6e2jlXcwrjCdip06TqU02ZSylZ6+XDMaLICaWaiW12zkIx5diF+98Yjmj3YJF83rOdgc+7saUAg/Tsz3/1OvYkenWHzwC8LmH34LeGbvBM4MbBjxULSmu05G6Qhr2K/YS+4WGia7FSHAJA4CjmwPK/rW3Okk1KbnC919GXtMB1WUKGeJkjwGQ3MOFBu7hV91QNd2bYWQWB3RlFDXg0tiVrbC2XfQZrbfBFg1o/iJeC1LRabJkHbuy610m0dMGkBGUhhH7XsgQ6E99h+j325JjQeQ==\n",
            "public_key_pem": "-----BEGIN PUBLIC KEY-----\nMIICIjANBgkqhkiG9w0BAQEFAAOCAg8AMIICCgKCAgEAym1gM0GrqB74zL4gfCIH\nKVxBimoA+2vr3+2nnXpY/ZFH776Xk8d7ObLQ1ZeXx1EcBw36IrPDB4HuA/Lr0ezv\nMsQBdPRuoPFfIIcduvA+xzTrLxlGPtGI0tG9vj2KsnoX+gpaX0gGpP2v5pquOWJ7\nIh+gFw6G9rnA+NftYg+V20VBzvoXLpwhgoncHr5A5WBLzOI9g3P2oduwi/nr+H7/\nEryxN2GDbvqRaJb1ZJeJ2gTdp25Y3unpJ8jrPCm+ghAKieI1FK8sTH6IXeaLUjSB\nt7akqESixLwmc8l5PdtENEqDE2g2v5Lt7pW2+4u355lehA4ONC97ZY5x/KNOEMwf\nAVxUDI4QMQ7FOmTZ4HueFydS1mvWzyXXhceIx53Edx4FCepEP1jjsvWkrhHigpHe\nnto5V3MK4wnYqdOk6lNNmUspWevlwzGiyAmlmoltds5CMeXYhfvfGI5o92CRfN6z\nnYHPu7GlAIP07M9/9Tr2JHp1h88AvC5h9+C3hm7wTODGwY8VC0prtORukIa9iv2E\nvuFhomuxUhwCQOAo5sDyv61tzpJNSm5wvdfRl7TAdVlChniZI8BkNzDhQbu4VfdU\nDXdm2FkFgd0ZRQ14NLYla2wtl30Ga23wRYNaP4iXgtS0WmyZB27sutdJtHTBpARl\nIYR+17IEOhPfYfo99uSY0HkCAwEAAQ==\n-----END PUBLIC KEY-----\n",
            "rsa_bits": 4096
          },
          "sensitive_attributes": []
        }
      ]
    }
  ],
  "check_results": null
}
